# This file is automatically @generated by Cargo.
# It is not intended for manual editing.
[[package]]
name = "detached-bufreader"
version = "0.1.0"
source = "git+https://github.com/ylxdzsw/detached-bufreader.rs#e70eb776fd1f0fbef37df2bc1b9a21916d4ac18a"

[[package]]
name = "oh-my-rust"
version = "0.3.0"
source = "git+https://github.com/ylxdzsw/oh-my-rust#cef094a7e6aaa403496d96f7f1f9a9ad9511e979"

[[package]]
name = "redis-alchemy"
version = "0.1.0"
dependencies = [
 "detached-bufreader 0.1.0 (git+https://github.com/ylxdzsw/detached-bufreader.rs)",
 "oh-my-rust 0.3.0 (git+https://github.com/ylxdzsw/oh-my-rust)",
]

[metadata]
"checksum detached-bufreader 0.1.0 (git+https://github.com/ylxdzsw/detached-bufreader.rs)" = "<none>"
"checksum oh-my-rust 0.3.0 (git+https://github.com/ylxdzsw/oh-my-rust)" = "<none>"
